
Microsoft Visual Studio Solution File, Format Version 12.00
# Visual Studio 15
VisualStudioVersion = 15.0.26124.0
MinimumVisualStudioVersion = 15.0.26124.0
Project("{2150E333-8FDC-42A3-9474-1A3956D46DE8}") = "src", "src", "{879D1B08-3F03-4707-B7DD-7652B09F08F5}"
EndProject
Project("{FAE04EC0-301F-11D3-BF4B-00C04F79EFBC}") = "PalTracker", "src\PalTracker\PalTracker.csproj", "{1444AA83-5A05-4324-AACD-08D0C472ABEB}"
EndProject
Project("{2150E333-8FDC-42A3-9474-1A3956D46DE8}") = "test", "test", "{0C0E3795-11C9-43FA-82B3-B657B5479193}"
EndProject
Project("{FAE04EC0-301F-11D3-BF4B-00C04F79EFBC}") = "PalTrackerTests", "test\PalTrackerTests\PalTrackerTests.csproj", "{F859D27B-127E-45A8-90E4-68C46B7E3593}"
EndProject
Global
	GlobalSection(SolutionConfigurationPlatforms) = preSolution
		Debug|Any CPU = Debug|Any CPU
		Debug|x64 = Debug|x64
		Debug|x86 = Debug|x86
		Release|Any CPU = Release|Any CPU
		Release|x64 = Release|x64
		Release|x86 = Release|x86
	EndGlobalSection
	GlobalSection(SolutionProperties) = preSolution
		HideSolutionNode = FALSE
	EndGlobalSection
	GlobalSection(ProjectConfigurationPlatforms) = postSolution
		{1444AA83-5A05-4324-AACD-08D0C472ABEB}.Debug|Any CPU.ActiveCfg = Debug|Any CPU
		{1444AA83-5A05-4324-AACD-08D0C472ABEB}.Debug|Any CPU.Build.0 = Debug|Any CPU
		{1444AA83-5A05-4324-AACD-08D0C472ABEB}.Debug|x64.ActiveCfg = Debug|Any CPU
		{1444AA83-5A05-4324-AACD-08D0C472ABEB}.Debug|x64.Build.0 = Debug|Any CPU
		{1444AA83-5A05-4324-AACD-08D0C472ABEB}.Debug|x86.ActiveCfg = Debug|Any CPU
		{1444AA83-5A05-4324-AACD-08D0C472ABEB}.Debug|x86.Build.0 = Debug|Any CPU
		{1444AA83-5A05-4324-AACD-08D0C472ABEB}.Release|Any CPU.ActiveCfg = Release|Any CPU
		{1444AA83-5A05-4324-AACD-08D0C472ABEB}.Release|Any CPU.Build.0 = Release|Any CPU
		{1444AA83-5A05-4324-AACD-08D0C472ABEB}.Release|x64.ActiveCfg = Release|Any CPU
		{1444AA83-5A05-4324-AACD-08D0C472ABEB}.Release|x64.Build.0 = Release|Any CPU
		{1444AA83-5A05-4324-AACD-08D0C472ABEB}.Release|x86.ActiveCfg = Release|Any CPU
		{1444AA83-5A05-4324-AACD-08D0C472ABEB}.Release|x86.Build.0 = Release|Any CPU
		{F859D27B-127E-45A8-90E4-68C46B7E3593}.Debug|Any CPU.ActiveCfg = Debug|Any CPU
		{F859D27B-127E-45A8-90E4-68C46B7E3593}.Debug|Any CPU.Build.0 = Debug|Any CPU
		{F859D27B-127E-45A8-90E4-68C46B7E3593}.Debug|x64.ActiveCfg = Debug|Any CPU
		{F859D27B-127E-45A8-90E4-68C46B7E3593}.Debug|x64.Build.0 = Debug|Any CPU
		{F859D27B-127E-45A8-90E4-68C46B7E3593}.Debug|x86.ActiveCfg = Debug|Any CPU
		{F859D27B-127E-45A8-90E4-68C46B7E3593}.Debug|x86.Build.0 = Debug|Any CPU
		{F859D27B-127E-45A8-90E4-68C46B7E3593}.Release|Any CPU.ActiveCfg = Release|Any CPU
		{F859D27B-127E-45A8-90E4-68C46B7E3593}.Release|Any CPU.Build.0 = Release|Any CPU
		{F859D27B-127E-45A8-90E4-68C46B7E3593}.Release|x64.ActiveCfg = Release|Any CPU
		{F859D27B-127E-45A8-90E4-68C46B7E3593}.Release|x64.Build.0 = Release|Any CPU
		{F859D27B-127E-45A8-90E4-68C46B7E3593}.Release|x86.ActiveCfg = Release|Any CPU
		{F859D27B-127E-45A8-90E4-68C46B7E3593}.Release|x86.Build.0 = Release|Any CPU
	EndGlobalSection
	GlobalSection(NestedProjects) = preSolution
		{1444AA83-5A05-4324-AACD-08D0C472ABEB} = {879D1B08-3F03-4707-B7DD-7652B09F08F5}
		{F859D27B-127E-45A8-90E4-68C46B7E3593} = {0C0E3795-11C9-43FA-82B3-B657B5479193}
	EndGlobalSection
EndGlobal
